// !$*UTF8*$!
{
	archiveVersion = 1;
	classes = {
	};
	objectVersion = 50;
	objects = {

/* Begin PBXBuildFile section */
		3AB1850318B18104157146C6 /* Pods_GECalendarDemo__iOS_.framework in Frameworks */ = {isa = PBXBuildFile; fileRef = 37D94CDDA4EF82E6E318FCB4 /* Pods_GECalendarDemo__iOS_.framework */; };
		6990E3E38EFE22FFADB185A7 /* Pods_GECalendarDemo__macOS_.framework in Frameworks */ = {isa = PBXBuildFile; fileRef = CDABFAB20943DD8AE2CD65EC /* Pods_GECalendarDemo__macOS_.framework */; };
		D9FD9F9126D6529000664757 /* GECalendarDemoApp.swift in Sources */ = {isa = PBXBuildFile; fileRef = D9FD9F7E26D6528900664757 /* GECalendarDemoApp.swift */; };
		D9FD9F9226D6529000664757 /* GECalendarDemoApp.swift in Sources */ = {isa = PBXBuildFile; fileRef = D9FD9F7E26D6528900664757 /* GECalendarDemoApp.swift */; };
		D9FD9F9326D6529000664757 /* ContentView.swift in Sources */ = {isa = PBXBuildFile; fileRef = D9FD9F7F26D6528900664757 /* ContentView.swift */; };
		D9FD9F9426D6529000664757 /* ContentView.swift in Sources */ = {isa = PBXBuildFile; fileRef = D9FD9F7F26D6528900664757 /* ContentView.swift */; };
		D9FD9F9526D6529000664757 /* Assets.xcassets in Resources */ = {isa = PBXBuildFile; fileRef = D9FD9F8026D6529000664757 /* Assets.xcassets */; };
		D9FD9F9626D6529000664757 /* Assets.xcassets in Resources */ = {isa = PBXBuildFile; fileRef = D9FD9F8026D6529000664757 /* Assets.xcassets */; };
		D9FD9FAE26D67E8B00664757 /* SwiftUIView.swift in Sources */ = {isa = PBXBuildFile; fileRef = D9FD9FAD26D67E7F00664757 /* SwiftUIView.swift */; };
/* End PBXBuildFile section */

/* Begin PBXFileReference section */
		37D94CDDA4EF82E6E318FCB4 /* Pods_GECalendarDemo__iOS_.framework */ = {isa = PBXFileReference; explicitFileType = wrapper.framework; includeInIndex = 0; path = Pods_GECalendarDemo__iOS_.framework; sourceTree = BUILT_PRODUCTS_DIR; };
		39721782CCF5C7CFF311CE12 /* Pods-GECalendarDemo (macOS).debug.xcconfig */ = {isa = PBXFileReference; includeInIndex = 1; lastKnownFileType = text.xcconfig; name = "Pods-GECalendarDemo (macOS).debug.xcconfig"; path = "Target Support Files/Pods-GECalendarDemo (macOS)/Pods-GECalendarDemo (macOS).debug.xcconfig"; sourceTree = "<group>"; };
		72EF117F994F8FB202E2B328 /* Pods-GECalendarDemo (iOS).debug.xcconfig */ = {isa = PBXFileReference; includeInIndex = 1; lastKnownFileType = text.xcconfig; name = "Pods-GECalendarDemo (iOS).debug.xcconfig"; path = "Target Support Files/Pods-GECalendarDemo (iOS)/Pods-GECalendarDemo (iOS).debug.xcconfig"; sourceTree = "<group>"; };
		7466F54AB090102BAB346507 /* Pods-GECalendarDemo (iOS).release.xcconfig */ = {isa = PBXFileReference; includeInIndex = 1; lastKnownFileType = text.xcconfig; name = "Pods-GECalendarDemo (iOS).release.xcconfig"; path = "Target Support Files/Pods-GECalendarDemo (iOS)/Pods-GECalendarDemo (iOS).release.xcconfig"; sourceTree = "<group>"; };
		BDDCAE8064D3523052EF208A /* Pods-GECalendarDemo (macOS).release.xcconfig */ = {isa = PBXFileReference; includeInIndex = 1; lastKnownFileType = text.xcconfig; name = "Pods-GECalendarDemo (macOS).release.xcconfig"; path = "Target Support Files/Pods-GECalendarDemo (macOS)/Pods-GECalendarDemo (macOS).release.xcconfig"; sourceTree = "<group>"; };
		CDABFAB20943DD8AE2CD65EC /* Pods_GECalendarDemo__macOS_.framework */ = {isa = PBXFileReference; explicitFileType = wrapper.framework; includeInIndex = 0; path = Pods_GECalendarDemo__macOS_.framework; sourceTree = BUILT_PRODUCTS_DIR; };
		D9FD9F7E26D6528900664757 /* GECalendarDemoApp.swift */ = {isa = PBXFileReference; lastKnownFileType = sourcecode.swift; path = GECalendarDemoApp.swift; sourceTree = "<group>"; };
		D9FD9F7F26D6528900664757 /* ContentView.swift */ = {isa = PBXFileReference; lastKnownFileType = sourcecode.swift; path = ContentView.swift; sourceTree = "<group>"; };
		D9FD9F8026D6529000664757 /* Assets.xcassets */ = {isa = PBXFileReference; lastKnownFileType = folder.assetcatalog; path = Assets.xcassets; sourceTree = "<group>"; };
		D9FD9F8526D6529000664757 /* GECalendarDemo.app */ = {isa = PBXFileReference; explicitFileType = wrapper.application; includeInIndex = 0; path = GECalendarDemo.app; sourceTree = BUILT_PRODUCTS_DIR; };
		D9FD9F8826D6529000664757 /* Info.plist */ = {isa = PBXFileReference; lastKnownFileType = text.plist.xml; path = Info.plist; sourceTree = "<group>"; };
		D9FD9F8D26D6529000664757 /* GECalendarDemo.app */ = {isa = PBXFileReference; explicitFileType = wrapper.application; includeInIndex = 0; path = GECalendarDemo.app; sourceTree = BUILT_PRODUCTS_DIR; };
		D9FD9F8F26D6529000664757 /* Info.plist */ = {isa = PBXFileReference; lastKnownFileType = text.plist.xml; path = Info.plist; sourceTree = "<group>"; };
		D9FD9F9026D6529000664757 /* macOS.entitlements */ = {isa = PBXFileReference; lastKnownFileType = text.plist.entitlements; path = macOS.entitlements; sourceTree = "<group>"; };
		D9FD9FAD26D67E7F00664757 /* SwiftUIView.swift */ = {isa = PBXFileReference; lastKnownFileType = sourcecode.swift; path = SwiftUIView.swift; sourceTree = "<group>"; };
/* End PBXFileReference section */

/* Begin PBXFrameworksBuildPhase section */
		D9FD9F8226D6529000664757 /* Frameworks */ = {
			isa = PBXFrameworksBuildPhase;
			buildActionMask = 2147483647;
			files = (
				3AB1850318B18104157146C6 /* Pods_GECalendarDemo__iOS_.framework in Frameworks */,
			);
			runOnlyForDeploymentPostprocessing = 0;
		};
		D9FD9F8A26D6529000664757 /* Frameworks */ = {
			isa = PBXFrameworksBuildPhase;
			buildActionMask = 2147483647;
			files = (
				6990E3E38EFE22FFADB185A7 /* Pods_GECalendarDemo__macOS_.framework in Frameworks */,
			);
			runOnlyForDeploymentPostprocessing = 0;
		};
/* End PBXFrameworksBuildPhase section */

/* Begin PBXGroup section */
		5F7D70B8583DDA542921AE35 /* Pods */ = {
			isa = PBXGroup;
			children = (
				72EF117F994F8FB202E2B328 /* Pods-GECalendarDemo (iOS).debug.xcconfig */,
				7466F54AB090102BAB346507 /* Pods-GECalendarDemo (iOS).release.xcconfig */,
				39721782CCF5C7CFF311CE12 /* Pods-GECalendarDemo (macOS).debug.xcconfig */,
				BDDCAE8064D3523052EF208A /* Pods-GECalendarDemo (macOS).release.xcconfig */,
			);
			path = Pods;
			sourceTree = "<group>";
		};
		C6D395EA28EDE0B381A274A1 /* Frameworks */ = {
			isa = PBXGroup;
			children = (
				37D94CDDA4EF82E6E318FCB4 /* Pods_GECalendarDemo__iOS_.framework */,
				CDABFAB20943DD8AE2CD65EC /* Pods_GECalendarDemo__macOS_.framework */,
			);
			name = Frameworks;
			sourceTree = "<group>";
		};
		D9FD9F7826D6528800664757 = {
			isa = PBXGroup;
			children = (
				D9FD9F7D26D6528900664757 /* Shared */,
				D9FD9F8726D6529000664757 /* iOS */,
				D9FD9F8E26D6529000664757 /* macOS */,
				D9FD9F8626D6529000664757 /* Products */,
				5F7D70B8583DDA542921AE35 /* Pods */,
				C6D395EA28EDE0B381A274A1 /* Frameworks */,
			);
			sourceTree = "<group>";
		};
		D9FD9F7D26D6528900664757 /* Shared */ = {
			isa = PBXGroup;
			children = (
				D9FD9F7E26D6528900664757 /* GECalendarDemoApp.swift */,
				D9FD9F7F26D6528900664757 /* ContentView.swift */,
				D9FD9F8026D6529000664757 /* Assets.xcassets */,
			);
			path = Shared;
			sourceTree = "<group>";
		};
		D9FD9F8626D6529000664757 /* Products */ = {
			isa = PBXGroup;
			children = (
				D9FD9F8526D6529000664757 /* GECalendarDemo.app */,
				D9FD9F8D26D6529000664757 /* GECalendarDemo.app */,
			);
			name = Products;
			sourceTree = "<group>";
		};
		D9FD9F8726D6529000664757 /* iOS */ = {
			isa = PBXGroup;
			children = (
				D9FD9F8826D6529000664757 /* Info.plist */,
			);
			path = iOS;
			sourceTree = "<group>";
		};
		D9FD9F8E26D6529000664757 /* macOS */ = {
			isa = PBXGroup;
			children = (
				D9FD9F8F26D6529000664757 /* Info.plist */,
				D9FD9FAD26D67E7F00664757 /* SwiftUIView.swift */,
				D9FD9F9026D6529000664757 /* macOS.entitlements */,
			);
			path = macOS;
			sourceTree = "<group>";
		};
/* End PBXGroup section */

/* Begin PBXNativeTarget section */
		D9FD9F8426D6529000664757 /* GECalendarDemo (iOS) */ = {
			isa = PBXNativeTarget;
			buildConfigurationList = D9FD9F9926D6529000664757 /* Build configuration list for PBXNativeTarget "GECalendarDemo (iOS)" */;
			buildPhases = (
				4E3E4274B363EC242AC162FC /* [CP] Check Pods Manifest.lock */,
				D9FD9F8126D6529000664757 /* Sources */,
				D9FD9F8226D6529000664757 /* Frameworks */,
				D9FD9F8326D6529000664757 /* Resources */,
			);
			buildRules = (
			);
			dependencies = (
			);
			name = "GECalendarDemo (iOS)";
			packageProductDependencies = (
			);
			productName = "GECalendarDemo (iOS)";
			productReference = D9FD9F8526D6529000664757 /* GECalendarDemo.app */;
			productType = "com.apple.product-type.application";
		};
		D9FD9F8C26D6529000664757 /* GECalendarDemo (macOS) */ = {
			isa = PBXNativeTarget;
			buildConfigurationList = D9FD9F9C26D6529000664757 /* Build configuration list for PBXNativeTarget "GECalendarDemo (macOS)" */;
			buildPhases = (
				020D8E848868D02ED3741BC1 /* [CP] Check Pods Manifest.lock */,
				D9FD9F8926D6529000664757 /* Sources */,
				D9FD9F8A26D6529000664757 /* Frameworks */,
				D9FD9F8B26D6529000664757 /* Resources */,
			);
			buildRules = (
			);
			dependencies = (
			);
			name = "GECalendarDemo (macOS)";
			productName = "GECalendarDemo (macOS)";
			productReference = D9FD9F8D26D6529000664757 /* GECalendarDemo.app */;
			productType = "com.apple.product-type.application";
		};
/* End PBXNativeTarget section */

/* Begin PBXProject section */
		D9FD9F7926D6528800664757 /* Project object */ = {
			isa = PBXProject;
			attributes = {
				LastSwiftUpdateCheck = 1250;
				LastUpgradeCheck = 1250;
				TargetAttributes = {
					D9FD9F8426D6529000664757 = {
						CreatedOnToolsVersion = 12.5.1;
					};
					D9FD9F8C26D6529000664757 = {
						CreatedOnToolsVersion = 12.5.1;
					};
				};
			};
			buildConfigurationList = D9FD9F7C26D6528800664757 /* Build configuration list for PBXProject "GECalendarDemo" */;
			compatibilityVersion = "Xcode 9.3";
			developmentRegion = en;
			hasScannedForEncodings = 0;
			knownRegions = (
				en,
				Base,
			);
			mainGroup = D9FD9F7826D6528800664757;
			packageReferences = (
			);
			productRefGroup = D9FD9F8626D6529000664757 /* Products */;
			projectDirPath = "";
			projectRoot = "";
			targets = (
				D9FD9F8426D6529000664757 /* GECalendarDemo (iOS) */,
				D9FD9F8C26D6529000664757 /* GECalendarDemo (macOS) */,
			);
		};
/* End PBXProject section */

/* Begin PBXResourcesBuildPhase section */
		D9FD9F8326D6529000664757 /* Resources */ = {
			isa = PBXResourcesBuildPhase;
			buildActionMask = 2147483647;
			files = (
				D9FD9F9526D6529000664757 /* Assets.xcassets in Resources */,
			);
			runOnlyForDeploymentPostprocessing = 0;
		};
		D9FD9F8B26D6529000664757 /* Resources */ = {
			isa = PBXResourcesBuildPhase;
			buildActionMask = 2147483647;
			files = (
				D9FD9F9626D6529000664757 /* Assets.xcassets in Resources */,
			);
			runOnlyForDeploymentPostprocessing = 0;
		};
/* End PBXResourcesBuildPhase section */

/* Begin PBXShellScriptBuildPhase section */
		020D8E848868D02ED3741BC1 /* [CP] Check Pods Manifest.lock */ = {
			isa = PBXShellScriptBuildPhase;
			buildActionMask = 2147483647;
			files = (
			);
			inputFileListPaths = (
			);
			inputPaths = (
				"${PODS_PODFILE_DIR_PATH}/Podfile.lock",
				"${PODS_ROOT}/Manifest.lock",
			);
			name = "[CP] Check Pods Manifest.lock";
			outputFileListPaths = (
			);
			outputPaths = (
				"$(DERIVED_FILE_DIR)/Pods-GECalendarDemo (macOS)-checkManifestLockResult.txt",
			);
			runOnlyForDeploymentPostprocessing = 0;
			shellPath = /bin/sh;
			shellScript = "diff \"${PODS_PODFILE_DIR_PATH}/Podfile.lock\" \"${PODS_ROOT}/Manifest.lock\" > /dev/null\nif [ $? != 0 ] ; then\n    # print error to STDERR\n    echo \"error: The sandbox is not in sync with the Podfile.lock. Run 'pod install' or update your CocoaPods installation.\" >&2\n    exit 1\nfi\n# This output is used by Xcode 'outputs' to avoid re-running this script phase.\necho \"SUCCESS\" > \"${SCRIPT_OUTPUT_FILE_0}\"\n";
			showEnvVarsInLog = 0;
		};
		4E3E4274B363EC242AC162FC /* [CP] Check Pods Manifest.lock */ = {
			isa = PBXShellScriptBuildPhase;
			buildActionMask = 2147483647;
			files = (
			);
			inputFileListPaths = (
			);
			inputPaths = (
				"${PODS_PODFILE_DIR_PATH}/Podfile.lock",
				"${PODS_ROOT}/Manifest.lock",
			);
			name = "[CP] Check Pods Manifest.lock";
			outputFileListPaths = (
			);
			outputPaths = (
				"$(DERIVED_FILE_DIR)/Pods-GECalendarDemo (iOS)-checkManifestLockResult.txt",
			);
			runOnlyForDeploymentPostprocessing = 0;
			shellPath = /bin/sh;
			shellScript = "diff \"${PODS_PODFILE_DIR_PATH}/Podfile.lock\" \"${PODS_ROOT}/Manifest.lock\" > /dev/null\nif [ $? != 0 ] ; then\n    # print error to STDERR\n    echo \"error: The sandbox is not in sync with the Podfile.lock. Run 'pod install' or update your CocoaPods installation.\" >&2\n    exit 1\nfi\n# This output is used by Xcode 'outputs' to avoid re-running this script phase.\necho \"SUCCESS\" > \"${SCRIPT_OUTPUT_FILE_0}\"\n";
			showEnvVarsInLog = 0;
		};
/* End PBXShellScriptBuildPhase section */

/* Begin PBXSourcesBuildPhase section */
		D9FD9F8126D6529000664757 /* Sources */ = {
			isa = PBXSourcesBuildPhase;
			buildActionMask = 2147483647;
			files = (
				D9FD9F9326D6529000664757 /* ContentView.swift in Sources */,
				D9FD9F9126D6529000664757 /* GECalendarDemoApp.swift in Sources */,
			);
			runOnlyForDeploymentPostprocessing = 0;
		};
		D9FD9F8926D6529000664757 /* Sources */ = {
			isa = PBXSourcesBuildPhase;
			buildActionMask = 2147483647;
			files = (
				D9FD9F9426D6529000664757 /* ContentView.swift in Sources */,
				D9FD9F9226D6529000664757 /* GECalendarDemoApp.swift in Sources */,
				D9FD9FAE26D67E8B00664757 /* SwiftUIView.swift in Sources */,
			);
			runOnlyForDeploymentPostprocessing = 0;
		};
/* End PBXSourcesBuildPhase section */

/* Begin XCBuildConfiguration section */
		D9FD9F9726D6529000664757 /* Debug */ = {
			isa = XCBuildConfiguration;
			buildSettings = {
				ALWAYS_SEARCH_USER_PATHS = NO;
				CLANG_ANALYZER_NONNULL = YES;
				CLANG_ANALYZER_NUMBER_OBJECT_CONVERSION = YES_AGGRESSIVE;
				CLANG_CXX_LANGUAGE_STANDARD = "gnu++14";
				CLANG_CXX_LIBRARY = "libc++";
				CLANG_ENABLE_MODULES = YES;
				CLANG_ENABLE_OBJC_ARC = YES;
				CLANG_ENABLE_OBJC_WEAK = YES;
				CLANG_WARN_BLOCK_CAPTURE_AUTORELEASING = YES;
				CLANG_WARN_BOOL_CONVERSION = YES;
				CLANG_WARN_COMMA = YES;
				CLANG_WARN_CONSTANT_CONVERSION = YES;
				CLANG_WARN_DEPRECATED_OBJC_IMPLEMENTATIONS = YES;
				CLANG_WARN_DIRECT_OBJC_ISA_USAGE = YES_ERROR;
				CLANG_WARN_DOCUMENTATION_COMMENTS = YES;
				CLANG_WARN_EMPTY_BODY = YES;
				CLANG_WARN_ENUM_CONVERSION = YES;
				CLANG_WARN_INFINITE_RECURSION = YES;
				CLANG_WARN_INT_CONVERSION = YES;
				CLANG_WARN_NON_LITERAL_NULL_CONVERSION = YES;
				CLANG_WARN_OBJC_IMPLICIT_RETAIN_SELF = YES;
				CLANG_WARN_OBJC_LITERAL_CONVERSION = YES;
				CLANG_WARN_OBJC_ROOT_CLASS = YES_ERROR;
				CLANG_WARN_QUOTED_INCLUDE_IN_FRAMEWORK_HEADER = YES;
				CLANG_WARN_RANGE_LOOP_ANALYSIS = YES;
				CLANG_WARN_STRICT_PROTOTYPES = YES;
				CLANG_WARN_SUSPICIOUS_MOVE = YES;
				CLANG_WARN_UNGUARDED_AVAILABILITY = YES_AGGRESSIVE;
				CLANG_WARN_UNREACHABLE_CODE = YES;
				CLANG_WARN__DUPLICATE_METHOD_MATCH = YES;
				COPY_PHASE_STRIP = NO;
				DEBUG_INFORMATION_FORMAT = dwarf;
				ENABLE_STRICT_OBJC_MSGSEND = YES;
				ENABLE_TESTABILITY = YES;
				GCC_C_LANGUAGE_STANDARD = gnu11;
				GCC_DYNAMIC_NO_PIC = NO;
				GCC_NO_COMMON_BLOCKS = YES;
				GCC_OPTIMIZATION_LEVEL = 0;
				GCC_PREPROCESSOR_DEFINITIONS = (
					"DEBUG=1",
					"$(inherited)",
				);
				GCC_WARN_64_TO_32_BIT_CONVERSION = YES;
				GCC_WARN_ABOUT_RETURN_TYPE = YES_ERROR;
				GCC_WARN_UNDECLARED_SELECTOR = YES;
				GCC_WARN_UNINITIALIZED_AUTOS = YES_AGGRESSIVE;
				GCC_WARN_UNUSED_FUNCTION = YES;
				GCC_WARN_UNUSED_VARIABLE = YES;
				MTL_ENABLE_DEBUG_INFO = INCLUDE_SOURCE;
				MTL_FAST_MATH = YES;
				ONLY_ACTIVE_ARCH = YES;
				SWIFT_ACTIVE_COMPILATION_CONDITIONS = DEBUG;
				SWIFT_OPTIMIZATION_LEVEL = "-Onone";
			};
			name = Debug;
		};
		D9FD9F9826D6529000664757 /* Release */ = {
			isa = XCBuildConfiguration;
			buildSettings = {
				ALWAYS_SEARCH_USER_PATHS = NO;
				CLANG_ANALYZER_NONNULL = YES;
				CLANG_ANALYZER_NUMBER_OBJECT_CONVERSION = YES_AGGRESSIVE;
				CLANG_CXX_LANGUAGE_STANDARD = "gnu++14";
				CLANG_CXX_LIBRARY = "libc++";
				CLANG_ENABLE_MODULES = YES;
				CLANG_ENABLE_OBJC_ARC = YES;
				CLANG_ENABLE_OBJC_WEAK = YES;
				CLANG_WARN_BLOCK_CAPTURE_AUTORELEASING = YES;
				CLANG_WARN_BOOL_CONVERSION = YES;
				CLANG_WARN_COMMA = YES;
				CLANG_WARN_CONSTANT_CONVERSION = YES;
				CLANG_WARN_DEPRECATED_OBJC_IMPLEMENTATIONS = YES;
				CLANG_WARN_DIRECT_OBJC_ISA_USAGE = YES_ERROR;
				CLANG_WARN_DOCUMENTATION_COMMENTS = YES;
				CLANG_WARN_EMPTY_BODY = YES;
				CLANG_WARN_ENUM_CONVERSION = YES;
				CLANG_WARN_INFINITE_RECURSION = YES;
				CLANG_WARN_INT_CONVERSION = YES;
				CLANG_WARN_NON_LITERAL_NULL_CONVERSION = YES;
				CLANG_WARN_OBJC_IMPLICIT_RETAIN_SELF = YES;
				CLANG_WARN_OBJC_LITERAL_CONVERSION = YES;
				CLANG_WARN_OBJC_ROOT_CLASS = YES_ERROR;
				CLANG_WARN_QUOTED_INCLUDE_IN_FRAMEWORK_HEADER = YES;
				CLANG_WARN_RANGE_LOOP_ANALYSIS = YES;
				CLANG_WARN_STRICT_PROTOTYPES = YES;
				CLANG_WARN_SUSPICIOUS_MOVE = YES;
				CLANG_WARN_UNGUARDED_AVAILABILITY = YES_AGGRESSIVE;
				CLANG_WARN_UNREACHABLE_CODE = YES;
				CLANG_WARN__DUPLICATE_METHOD_MATCH = YES;
				COPY_PHASE_STRIP = NO;
				DEBUG_INFORMATION_FORMAT = "dwarf-with-dsym";
				ENABLE_NS_ASSERTIONS = NO;
				ENABLE_STRICT_OBJC_MSGSEND = YES;
				GCC_C_LANGUAGE_STANDARD = gnu11;
				GCC_NO_COMMON_BLOCKS = YES;
				GCC_WARN_64_TO_32_BIT_CONVERSION = YES;
				GCC_WARN_ABOUT_RETURN_TYPE = YES_ERROR;
				GCC_WARN_UNDECLARED_SELECTOR = YES;
				GCC_WARN_UNINITIALIZED_AUTOS = YES_AGGRESSIVE;
				GCC_WARN_UNUSED_FUNCTION = YES;
				GCC_WARN_UNUSED_VARIABLE = YES;
				MTL_ENABLE_DEBUG_INFO = NO;
				MTL_FAST_MATH = YES;
				SWIFT_COMPILATION_MODE = wholemodule;
				SWIFT_OPTIMIZATION_LEVEL = "-O";
			};
			name = Release;
		};
		D9FD9F9A26D6529000664757 /* Debug */ = {
			isa = XCBuildConfiguration;
			baseConfigurationReference = 72EF117F994F8FB202E2B328 /* Pods-GECalendarDemo (iOS).debug.xcconfig */;
			buildSettings = {
				ASSETCATALOG_COMPILER_APPICON_NAME = AppIcon;
				ASSETCATALOG_COMPILER_GLOBAL_ACCENT_COLOR_NAME = AccentColor;
				CODE_SIGN_STYLE = Automatic;
				DEVELOPMENT_TEAM = C2JSJLJ4FN;
				ENABLE_PREVIEWS = YES;
				INFOPLIST_FILE = iOS/Info.plist;
				IPHONEOS_DEPLOYMENT_TARGET = 14.0;
				LD_RUNPATH_SEARCH_PATHS = (
					"$(inherited)",
					"@executable_path/Frameworks",
				);
				PRODUCT_BUNDLE_IDENTIFIER = com.jeonggo.GECalendarDemo;
				PRODUCT_NAME = GECalendarDemo;
				SDKROOT = iphoneos;
				SWIFT_VERSION = 5.0;
				TARGETED_DEVICE_FAMILY = "1,2";
			};
			name = Debug;
		};
		D9FD9F9B26D6529000664757 /* Release */ = {
			isa = XCBuildConfiguration;
			baseConfigurationReference = 7466F54AB090102BAB346507 /* Pods-GECalendarDemo (iOS).release.xcconfig */;
			buildSettings = {
				ASSETCATALOG_COMPILER_APPICON_NAME = AppIcon;
				ASSETCATALOG_COMPILER_GLOBAL_ACCENT_COLOR_NAME = AccentColor;
				CODE_SIGN_STYLE = Automatic;
				DEVELOPMENT_TEAM = C2JSJLJ4FN;
				ENABLE_PREVIEWS = YES;
				INFOPLIST_FILE = iOS/Info.plist;
				IPHONEOS_DEPLOYMENT_TARGET = 14.0;
				LD_RUNPATH_SEARCH_PATHS = (
					"$(inherited)",
					"@executable_path/Frameworks",
				);
				PRODUCT_BUNDLE_IDENTIFIER = com.jeonggo.GECalendarDemo;
				PRODUCT_NAME = GECalendarDemo;
				SDKROOT = iphoneos;
				SWIFT_VERSION = 5.0;
				TARGETED_DEVICE_FAMILY = "1,2";
				VALIDATE_PRODUCT = YES;
			};
			name = Release;
		};
		D9FD9F9D26D6529000664757 /* Debug */ = {
			isa = XCBuildConfiguration;
			baseConfigurationReference = 39721782CCF5C7CFF311CE12 /* Pods-GECalendarDemo (macOS).debug.xcconfig */;
			buildSettings = {
				ASSETCATALOG_COMPILER_APPICON_NAME = AppIcon;
				ASSETCATALOG_COMPILER_GLOBAL_ACCENT_COLOR_NAME = AccentColor;
				CODE_SIGN_ENTITLEMENTS = macOS/macOS.entitlements;
				CODE_SIGN_STYLE = Automatic;
				COMBINE_HIDPI_IMAGES = YES;
				DEVELOPMENT_TEAM = C2JSJLJ4FN;
				ENABLE_HARDENED_RUNTIME = YES;
				ENABLE_PREVIEWS = YES;
				INFOPLIST_FILE = macOS/Info.plist;
				LD_RUNPATH_SEARCH_PATHS = (
					"$(inherited)",
					"@executable_path/../Frameworks",
				);
				MACOSX_DEPLOYMENT_TARGET = 11.0;
				PRODUCT_BUNDLE_IDENTIFIER = com.jeonggo.GECalendarDemo;
				PRODUCT_NAME = GECalendarDemo;
				SDKROOT = macosx;
				SWIFT_VERSION = 5.0;
			};
			name = Debug;
		};
		D9FD9F9E26D6529000664757 /* Release */ = {
			isa = XCBuildConfiguration;
			baseConfigurationReference = BDDCAE8064D3523052EF208A /* Pods-GECalendarDemo (macOS).release.xcconfig */;
			buildSettings = {
				ASSETCATALOG_COMPILER_APPICON_NAME = AppIcon;
				ASSETCATALOG_COMPILER_GLOBAL_ACCENT_COLOR_NAME = AccentColor;
				CODE_SIGN_ENTITLEMENTS = macOS/macOS.entitlements;
				CODE_SIGN_STYLE = Automatic;
				COMBINE_HIDPI_IMAGES = YES;
				DEVELOPMENT_TEAM = C2JSJLJ4FN;
				ENABLE_HARDENED_RUNTIME = YES;
				ENABLE_PREVIEWS = YES;
				INFOPLIST_FILE = macOS/Info.plist;
				LD_RUNPATH_SEARCH_PATHS = (
					"$(inherited)",
					"@executable_path/../Frameworks",
				);
				MACOSX_DEPLOYMENT_TARGET = 11.0;
				PRODUCT_BUNDLE_IDENTIFIER = com.jeonggo.GECalendarDemo;
				PRODUCT_NAME = GECalendarDemo;
				SDKROOT = macosx;
				SWIFT_VERSION = 5.0;
			};
			name = Release;
		};
/* End XCBuildConfiguration section */

/* Begin XCConfigurationList section */
		D9FD9F7C26D6528800664757 /* Build configuration list for PBXProject "GECalendarDemo" */ = {
			isa = XCConfigurationList;
			buildConfigurations = (
				D9FD9F9726D6529000664757 /* Debug */,
				D9FD9F9826D6529000664757 /* Release */,
			);
			defaultConfigurationIsVisible = 0;
			defaultConfigurationName = Release;
		};
		D9FD9F9926D6529000664757 /* Build configuration list for PBXNativeTarget "GECalendarDemo (iOS)" */ = {
			isa = XCConfigurationList;
			buildConfigurations = (
				D9FD9F9A26D6529000664757 /* Debug */,
				D9FD9F9B26D6529000664757 /* Release */,
			);
			defaultConfigurationIsVisible = 0;
			defaultConfigurationName = Release;
		};
		D9FD9F9C26D6529000664757 /* Build configuration list for PBXNativeTarget "GECalendarDemo (macOS)" */ = {
			isa = XCConfigurationList;
			buildConfigurations = (
				D9FD9F9D26D6529000664757 /* Debug */,
				D9FD9F9E26D6529000664757 /* Release */,
			);
			defaultConfigurationIsVisible = 0;
			defaultConfigurationName = Release;
		};
/* End XCConfigurationList section */
	};
	rootObject = D9FD9F7926D6528800664757 /* Project object */;
}
